
Microsoft Visual Studio Solution File, Format Version 12.00
# Visual Studio 15
VisualStudioVersion = 15.0.28307.572
MinimumVisualStudioVersion = 10.0.40219.1
Project("{FAE04EC0-301F-11D3-BF4B-00C04F79EFBC}") = "ProjectManagementBot", "ProjectManagementBot\ProjectManagementBot.csproj", "{222A4946-2B64-4811-BBC4-706656CA1C71}"
EndProject
Global
	GlobalSection(SolutionConfigurationPlatforms) = preSolution
		Debug|Any CPU = Debug|Any CPU
		Release|Any CPU = Release|Any CPU
	EndGlobalSection
	GlobalSection(ProjectConfigurationPlatforms) = postSolution
		{222A4946-2B64-4811-BBC4-706656CA1C71}.Debug|Any CPU.ActiveCfg = Debug|Any CPU
		{222A4946-2B64-4811-BBC4-706656CA1C71}.Debug|Any CPU.Build.0 = Debug|Any CPU
		{222A4946-2B64-4811-BBC4-706656CA1C71}.Release|Any CPU.ActiveCfg = Release|Any CPU
		{222A4946-2B64-4811-BBC4-706656CA1C71}.Release|Any CPU.Build.0 = Release|Any CPU
	EndGlobalSection
	GlobalSection(SolutionProperties) = preSolution
		HideSolutionNode = FALSE
	EndGlobalSection
	GlobalSection(ExtensibilityGlobals) = postSolution
		SolutionGuid = {16DA30CB-A88F-43F4-AB4A-E4AB640E7296}
	EndGlobalSection
EndGlobal
