
Microsoft Visual Studio Solution File, Format Version 12.00
# Visual Studio 15
VisualStudioVersion = 15.0.28307.645
MinimumVisualStudioVersion = 10.0.40219.1
Project("{FAE04EC0-301F-11D3-BF4B-00C04F79EFBC}") = "ProjectManagementBot", "ProjectManagementBot\ProjectManagementBot.csproj", "{689272E6-38AB-4E0B-9AC6-EF22280511BD}"
EndProject
Global
	GlobalSection(SolutionConfigurationPlatforms) = preSolution
		Debug|Any CPU = Debug|Any CPU
		Release|Any CPU = Release|Any CPU
	EndGlobalSection
	GlobalSection(ProjectConfigurationPlatforms) = postSolution
		{689272E6-38AB-4E0B-9AC6-EF22280511BD}.Debug|Any CPU.ActiveCfg = Debug|Any CPU
		{689272E6-38AB-4E0B-9AC6-EF22280511BD}.Debug|Any CPU.Build.0 = Debug|Any CPU
		{689272E6-38AB-4E0B-9AC6-EF22280511BD}.Release|Any CPU.ActiveCfg = Release|Any CPU
		{689272E6-38AB-4E0B-9AC6-EF22280511BD}.Release|Any CPU.Build.0 = Release|Any CPU
	EndGlobalSection
	GlobalSection(SolutionProperties) = preSolution
		HideSolutionNode = FALSE
	EndGlobalSection
	GlobalSection(ExtensibilityGlobals) = postSolution
		SolutionGuid = {0B8BDD99-908B-48F9-A65C-94BAAF084264}
	EndGlobalSection
EndGlobal
