
Microsoft Visual Studio Solution File, Format Version 12.00
# Visual Studio 15
VisualStudioVersion = 15.0.28307.572
MinimumVisualStudioVersion = 10.0.40219.1
Project("{FAE04EC0-301F-11D3-BF4B-00C04F79EFBC}") = "SentimentAnalyse", "SentimentAnalyse\SentimentAnalyse.csproj", "{AB9AB6C0-851A-4421-89D4-00F9AB80A56E}"
EndProject
Global
	GlobalSection(SolutionConfigurationPlatforms) = preSolution
		Debug|Any CPU = Debug|Any CPU
		Release|Any CPU = Release|Any CPU
	EndGlobalSection
	GlobalSection(ProjectConfigurationPlatforms) = postSolution
		{AB9AB6C0-851A-4421-89D4-00F9AB80A56E}.Debug|Any CPU.ActiveCfg = Debug|Any CPU
		{AB9AB6C0-851A-4421-89D4-00F9AB80A56E}.Debug|Any CPU.Build.0 = Debug|Any CPU
		{AB9AB6C0-851A-4421-89D4-00F9AB80A56E}.Release|Any CPU.ActiveCfg = Release|Any CPU
		{AB9AB6C0-851A-4421-89D4-00F9AB80A56E}.Release|Any CPU.Build.0 = Release|Any CPU
	EndGlobalSection
	GlobalSection(SolutionProperties) = preSolution
		HideSolutionNode = FALSE
	EndGlobalSection
	GlobalSection(ExtensibilityGlobals) = postSolution
		SolutionGuid = {C98E45F3-EBAF-47CD-A54D-51FEB6F6EE28}
	EndGlobalSection
EndGlobal
