
Microsoft Visual Studio Solution File, Format Version 12.00
# Visual Studio 15
VisualStudioVersion = 15.0.28307.645
MinimumVisualStudioVersion = 10.0.40219.1
Project("{FAE04EC0-301F-11D3-BF4B-00C04F79EFBC}") = "MiddlewareBot", "MiddlewareBot\MiddlewareBot.csproj", "{4CF5BBC2-D410-425B-8579-00A786BBFA9B}"
EndProject
Global
	GlobalSection(SolutionConfigurationPlatforms) = preSolution
		Debug|Any CPU = Debug|Any CPU
		Release|Any CPU = Release|Any CPU
	EndGlobalSection
	GlobalSection(ProjectConfigurationPlatforms) = postSolution
		{4CF5BBC2-D410-425B-8579-00A786BBFA9B}.Debug|Any CPU.ActiveCfg = Debug|Any CPU
		{4CF5BBC2-D410-425B-8579-00A786BBFA9B}.Debug|Any CPU.Build.0 = Debug|Any CPU
		{4CF5BBC2-D410-425B-8579-00A786BBFA9B}.Release|Any CPU.ActiveCfg = Release|Any CPU
		{4CF5BBC2-D410-425B-8579-00A786BBFA9B}.Release|Any CPU.Build.0 = Release|Any CPU
	EndGlobalSection
	GlobalSection(SolutionProperties) = preSolution
		HideSolutionNode = FALSE
	EndGlobalSection
	GlobalSection(ExtensibilityGlobals) = postSolution
		SolutionGuid = {19D853BE-EAD9-41F0-90ED-D157CF9D093F}
	EndGlobalSection
EndGlobal
