
Microsoft Visual Studio Solution File, Format Version 12.00
# Visual Studio Version 16
VisualStudioVersion = 16.0.28803.202
MinimumVisualStudioVersion = 10.0.40219.1
Project("{FAE04EC0-301F-11D3-BF4B-00C04F79EFBC}") = "HelloWorldBot", "HelloWorldBot\HelloWorldBot.csproj", "{F8723AD2-92DD-4468-940F-F884A5C62A1E}"
EndProject
Global
	GlobalSection(SolutionConfigurationPlatforms) = preSolution
		Debug|Any CPU = Debug|Any CPU
		Release|Any CPU = Release|Any CPU
	EndGlobalSection
	GlobalSection(ProjectConfigurationPlatforms) = postSolution
		{F8723AD2-92DD-4468-940F-F884A5C62A1E}.Debug|Any CPU.ActiveCfg = Debug|Any CPU
		{F8723AD2-92DD-4468-940F-F884A5C62A1E}.Debug|Any CPU.Build.0 = Debug|Any CPU
		{F8723AD2-92DD-4468-940F-F884A5C62A1E}.Release|Any CPU.ActiveCfg = Release|Any CPU
		{F8723AD2-92DD-4468-940F-F884A5C62A1E}.Release|Any CPU.Build.0 = Release|Any CPU
	EndGlobalSection
	GlobalSection(SolutionProperties) = preSolution
		HideSolutionNode = FALSE
	EndGlobalSection
	GlobalSection(ExtensibilityGlobals) = postSolution
		SolutionGuid = {616D4AE8-B944-46AA-81CD-9219F7D164B8}
	EndGlobalSection
EndGlobal
