
Microsoft Visual Studio Solution File, Format Version 12.00
# Visual Studio 15
VisualStudioVersion = 15.0.28307.645
MinimumVisualStudioVersion = 10.0.40219.1
Project("{FAE04EC0-301F-11D3-BF4B-00C04F79EFBC}") = "ImageAnalyticsBot", "ImageAnalyticsBot\ImageAnalyticsBot.csproj", "{6208F0B6-4EE9-4EE1-9B42-667028F80B78}"
EndProject
Global
	GlobalSection(SolutionConfigurationPlatforms) = preSolution
		Debug|Any CPU = Debug|Any CPU
		Release|Any CPU = Release|Any CPU
	EndGlobalSection
	GlobalSection(ProjectConfigurationPlatforms) = postSolution
		{6208F0B6-4EE9-4EE1-9B42-667028F80B78}.Debug|Any CPU.ActiveCfg = Debug|Any CPU
		{6208F0B6-4EE9-4EE1-9B42-667028F80B78}.Debug|Any CPU.Build.0 = Debug|Any CPU
		{6208F0B6-4EE9-4EE1-9B42-667028F80B78}.Release|Any CPU.ActiveCfg = Release|Any CPU
		{6208F0B6-4EE9-4EE1-9B42-667028F80B78}.Release|Any CPU.Build.0 = Release|Any CPU
	EndGlobalSection
	GlobalSection(SolutionProperties) = preSolution
		HideSolutionNode = FALSE
	EndGlobalSection
	GlobalSection(ExtensibilityGlobals) = postSolution
		SolutionGuid = {28DAD3D4-5EF1-4C00-AC80-159E08E28D29}
	EndGlobalSection
EndGlobal
