
Microsoft Visual Studio Solution File, Format Version 12.00
# Visual Studio 15
VisualStudioVersion = 15.0.28307.645
MinimumVisualStudioVersion = 10.0.40219.1
Project("{FAE04EC0-301F-11D3-BF4B-00C04F79EFBC}") = "SqLLoggerBot", "SqLLoggerBot\SqLLoggerBot.csproj", "{B2C1A589-6A46-49F5-B514-76D350E7C88B}"
EndProject
Global
	GlobalSection(SolutionConfigurationPlatforms) = preSolution
		Debug|Any CPU = Debug|Any CPU
		Release|Any CPU = Release|Any CPU
	EndGlobalSection
	GlobalSection(ProjectConfigurationPlatforms) = postSolution
		{B2C1A589-6A46-49F5-B514-76D350E7C88B}.Debug|Any CPU.ActiveCfg = Debug|Any CPU
		{B2C1A589-6A46-49F5-B514-76D350E7C88B}.Debug|Any CPU.Build.0 = Debug|Any CPU
		{B2C1A589-6A46-49F5-B514-76D350E7C88B}.Release|Any CPU.ActiveCfg = Release|Any CPU
		{B2C1A589-6A46-49F5-B514-76D350E7C88B}.Release|Any CPU.Build.0 = Release|Any CPU
	EndGlobalSection
	GlobalSection(SolutionProperties) = preSolution
		HideSolutionNode = FALSE
	EndGlobalSection
	GlobalSection(ExtensibilityGlobals) = postSolution
		SolutionGuid = {FEADC31B-EF75-4179-88A9-F539A1966489}
	EndGlobalSection
EndGlobal
