
Microsoft Visual Studio Solution File, Format Version 12.00
# Visual Studio 15
VisualStudioVersion = 15.0.28307.572
MinimumVisualStudioVersion = 10.0.40219.1
Project("{FAE04EC0-301F-11D3-BF4B-00C04F79EFBC}") = "SpeechToText", "SpeechToText\SpeechToText.csproj", "{25BF5C13-6964-4F8D-A0F5-E28165C841C1}"
EndProject
Global
	GlobalSection(SolutionConfigurationPlatforms) = preSolution
		Debug|Any CPU = Debug|Any CPU
		Debug|x64 = Debug|x64
		Release|Any CPU = Release|Any CPU
		Release|x64 = Release|x64
	EndGlobalSection
	GlobalSection(ProjectConfigurationPlatforms) = postSolution
		{25BF5C13-6964-4F8D-A0F5-E28165C841C1}.Debug|Any CPU.ActiveCfg = Debug|Any CPU
		{25BF5C13-6964-4F8D-A0F5-E28165C841C1}.Debug|Any CPU.Build.0 = Debug|Any CPU
		{25BF5C13-6964-4F8D-A0F5-E28165C841C1}.Debug|x64.ActiveCfg = Debug|x64
		{25BF5C13-6964-4F8D-A0F5-E28165C841C1}.Debug|x64.Build.0 = Debug|x64
		{25BF5C13-6964-4F8D-A0F5-E28165C841C1}.Release|Any CPU.ActiveCfg = Release|Any CPU
		{25BF5C13-6964-4F8D-A0F5-E28165C841C1}.Release|Any CPU.Build.0 = Release|Any CPU
		{25BF5C13-6964-4F8D-A0F5-E28165C841C1}.Release|x64.ActiveCfg = Release|x64
		{25BF5C13-6964-4F8D-A0F5-E28165C841C1}.Release|x64.Build.0 = Release|x64
	EndGlobalSection
	GlobalSection(SolutionProperties) = preSolution
		HideSolutionNode = FALSE
	EndGlobalSection
	GlobalSection(ExtensibilityGlobals) = postSolution
		SolutionGuid = {6CA55CF6-1913-4F98-A1FB-C8A306E96B09}
	EndGlobalSection
EndGlobal
